// !$*UTF8*$!
{
	archiveVersion = 1;
	classes = {
	};
	objectVersion = 50;
	objects = {

/* Begin PBXBuildFile section */
		45404B7B22B57F5000C1768F /* AppDelegate.swift in Sources */ = {isa = PBXBuildFile; fileRef = 45404B7A22B57F5000C1768F /* AppDelegate.swift */; };
		45404B7D22B57F5000C1768F /* ViewController.swift in Sources */ = {isa = PBXBuildFile; fileRef = 45404B7C22B57F5000C1768F /* ViewController.swift */; };
		45404B7F22B57F5400C1768F /* Assets.xcassets in Resources */ = {isa = PBXBuildFile; fileRef = 45404B7E22B57F5400C1768F /* Assets.xcassets */; };
		45404B8222B57F5500C1768F /* Main.storyboard in Resources */ = {isa = PBXBuildFile; fileRef = 45404B8022B57F5500C1768F /* Main.storyboard */; };
		45404B8B22B57F8000C1768F /* src in Resources */ = {isa = PBXBuildFile; fileRef = 45404B8A22B57F8000C1768F /* src */; };
		45404B9322B57FAC00C1768F /* PythonLibrary.swift in Sources */ = {isa = PBXBuildFile; fileRef = 45404B8D22B57FAC00C1768F /* PythonLibrary.swift */; };
		45404B9422B57FAC00C1768F /* Python.swift in Sources */ = {isa = PBXBuildFile; fileRef = 45404B8E22B57FAC00C1768F /* Python.swift */; };
		45404B9622B57FAC00C1768F /* PythonLibrary+Symbols.swift in Sources */ = {isa = PBXBuildFile; fileRef = 45404B9122B57FAC00C1768F /* PythonLibrary+Symbols.swift */; };
		45404B9722B57FAC00C1768F /* NumpyConversion.swift in Sources */ = {isa = PBXBuildFile; fileRef = 45404B9222B57FAC00C1768F /* NumpyConversion.swift */; };
		45F6BFCF22B7EC7200F6613B /* PyPlot.swift in Sources */ = {isa = PBXBuildFile; fileRef = 45F6BFCE22B7EC7200F6613B /* PyPlot.swift */; };
		45F6BFD122B82FA700F6613B /* TextView.swift in Sources */ = {isa = PBXBuildFile; fileRef = 45F6BFD022B82FA700F6613B /* TextView.swift */; };
		45F6BFD522B92D9600F6613B /* SpellChecker.swift in Sources */ = {isa = PBXBuildFile; fileRef = 45F6BFD422B92D9600F6613B /* SpellChecker.swift */; };
/* End PBXBuildFile section */

/* Begin PBXFileReference section */
		45404B7722B57F5000C1768F /* Misspelling.app */ = {isa = PBXFileReference; explicitFileType = wrapper.application; includeInIndex = 0; path = Misspelling.app; sourceTree = BUILT_PRODUCTS_DIR; };
		45404B7A22B57F5000C1768F /* AppDelegate.swift */ = {isa = PBXFileReference; lastKnownFileType = sourcecode.swift; path = AppDelegate.swift; sourceTree = "<group>"; };
		45404B7C22B57F5000C1768F /* ViewController.swift */ = {isa = PBXFileReference; lastKnownFileType = sourcecode.swift; path = ViewController.swift; sourceTree = "<group>"; };
		45404B7E22B57F5400C1768F /* Assets.xcassets */ = {isa = PBXFileReference; lastKnownFileType = folder.assetcatalog; path = Assets.xcassets; sourceTree = "<group>"; };
		45404B8122B57F5500C1768F /* Base */ = {isa = PBXFileReference; lastKnownFileType = file.storyboard; name = Base; path = Base.lproj/Main.storyboard; sourceTree = "<group>"; };
		45404B8322B57F5500C1768F /* Info.plist */ = {isa = PBXFileReference; lastKnownFileType = text.plist.xml; path = Info.plist; sourceTree = "<group>"; };
		45404B8422B57F5500C1768F /* Misspelling.entitlements */ = {isa = PBXFileReference; lastKnownFileType = text.plist.entitlements; path = Misspelling.entitlements; sourceTree = "<group>"; };
		45404B8A22B57F8000C1768F /* src */ = {isa = PBXFileReference; lastKnownFileType = folder; path = src; sourceTree = "<group>"; };
		45404B8D22B57FAC00C1768F /* PythonLibrary.swift */ = {isa = PBXFileReference; fileEncoding = 4; lastKnownFileType = sourcecode.swift; path = PythonLibrary.swift; sourceTree = "<group>"; };
		45404B8E22B57FAC00C1768F /* Python.swift */ = {isa = PBXFileReference; fileEncoding = 4; lastKnownFileType = sourcecode.swift; path = Python.swift; sourceTree = "<group>"; };
		45404B9122B57FAC00C1768F /* PythonLibrary+Symbols.swift */ = {isa = PBXFileReference; fileEncoding = 4; lastKnownFileType = sourcecode.swift; path = "PythonLibrary+Symbols.swift"; sourceTree = "<group>"; };
		45404B9222B57FAC00C1768F /* NumpyConversion.swift */ = {isa = PBXFileReference; fileEncoding = 4; lastKnownFileType = sourcecode.swift; path = NumpyConversion.swift; sourceTree = "<group>"; };
		45F6BFCE22B7EC7200F6613B /* PyPlot.swift */ = {isa = PBXFileReference; fileEncoding = 4; lastKnownFileType = sourcecode.swift; path = PyPlot.swift; sourceTree = "<group>"; };
		45F6BFD022B82FA700F6613B /* TextView.swift */ = {isa = PBXFileReference; lastKnownFileType = sourcecode.swift; path = TextView.swift; sourceTree = "<group>"; };
		45F6BFD422B92D9600F6613B /* SpellChecker.swift */ = {isa = PBXFileReference; lastKnownFileType = sourcecode.swift; path = SpellChecker.swift; sourceTree = "<group>"; };
/* End PBXFileReference section */

/* Begin PBXFrameworksBuildPhase section */
		45404B7422B57F5000C1768F /* Frameworks */ = {
			isa = PBXFrameworksBuildPhase;
			buildActionMask = 2147483647;
			files = (
			);
			runOnlyForDeploymentPostprocessing = 0;
		};
/* End PBXFrameworksBuildPhase section */

/* Begin PBXGroup section */
		45404B6E22B57F5000C1768F = {
			isa = PBXGroup;
			children = (
				45404B8A22B57F8000C1768F /* src */,
				45404B7922B57F5000C1768F /* Misspelling */,
				45404B7822B57F5000C1768F /* Products */,
			);
			sourceTree = "<group>";
		};
		45404B7822B57F5000C1768F /* Products */ = {
			isa = PBXGroup;
			children = (
				45404B7722B57F5000C1768F /* Misspelling.app */,
			);
			name = Products;
			sourceTree = "<group>";
		};
		45404B7922B57F5000C1768F /* Misspelling */ = {
			isa = PBXGroup;
			children = (
				45404B8C22B57FAC00C1768F /* Python */,
				45404B7A22B57F5000C1768F /* AppDelegate.swift */,
				45404B7C22B57F5000C1768F /* ViewController.swift */,
				45F6BFD022B82FA700F6613B /* TextView.swift */,
				45F6BFD422B92D9600F6613B /* SpellChecker.swift */,
				45404B7E22B57F5400C1768F /* Assets.xcassets */,
				45404B8022B57F5500C1768F /* Main.storyboard */,
				45404B8322B57F5500C1768F /* Info.plist */,
				45404B8422B57F5500C1768F /* Misspelling.entitlements */,
			);
			path = Misspelling;
			sourceTree = "<group>";
		};
		45404B8C22B57FAC00C1768F /* Python */ = {
			isa = PBXGroup;
			children = (
				45F6BFCD22B7EC7200F6613B /* Extensions */,
				45404B8D22B57FAC00C1768F /* PythonLibrary.swift */,
				45404B8E22B57FAC00C1768F /* Python.swift */,
				45404B9122B57FAC00C1768F /* PythonLibrary+Symbols.swift */,
				45404B9222B57FAC00C1768F /* NumpyConversion.swift */,
			);
			path = Python;
			sourceTree = "<group>";
		};
		45F6BFCD22B7EC7200F6613B /* Extensions */ = {
			isa = PBXGroup;
			children = (
				45F6BFCE22B7EC7200F6613B /* PyPlot.swift */,
			);
			path = Extensions;
			sourceTree = "<group>";
		};
/* End PBXGroup section */

/* Begin PBXNativeTarget section */
		45404B7622B57F5000C1768F /* Misspelling */ = {
			isa = PBXNativeTarget;
			buildConfigurationList = 45404B8722B57F5500C1768F /* Build configuration list for PBXNativeTarget "Misspelling" */;
			buildPhases = (
				45404B7322B57F5000C1768F /* Sources */,
				45404B7422B57F5000C1768F /* Frameworks */,
				45404B7522B57F5000C1768F /* Resources */,
			);
			buildRules = (
			);
			dependencies = (
			);
			name = Misspelling;
			productName = Misspelling;
			productReference = 45404B7722B57F5000C1768F /* Misspelling.app */;
			productType = "com.apple.product-type.application";
		};
/* End PBXNativeTarget section */

/* Begin PBXProject section */
		45404B6F22B57F5000C1768F /* Project object */ = {
			isa = PBXProject;
			attributes = {
				LastSwiftUpdateCheck = 1020;
				LastUpgradeCheck = 1020;
				ORGANIZATIONNAME = "Giorgia Adorni, Elia Cereda e Nassim Habbash";
				TargetAttributes = {
					45404B7622B57F5000C1768F = {
						CreatedOnToolsVersion = 10.2.1;
						SystemCapabilities = {
							com.apple.Sandbox = {
								enabled = 0;
							};
						};
					};
				};
			};
			buildConfigurationList = 45404B7222B57F5000C1768F /* Build configuration list for PBXProject "Misspelling" */;
			compatibilityVersion = "Xcode 9.3";
			developmentRegion = en;
			hasScannedForEncodings = 0;
			knownRegions = (
				en,
				Base,
			);
			mainGroup = 45404B6E22B57F5000C1768F;
			productRefGroup = 45404B7822B57F5000C1768F /* Products */;
			projectDirPath = "";
			projectRoot = "";
			targets = (
				45404B7622B57F5000C1768F /* Misspelling */,
			);
		};
/* End PBXProject section */

/* Begin PBXResourcesBuildPhase section */
		45404B7522B57F5000C1768F /* Resources */ = {
			isa = PBXResourcesBuildPhase;
			buildActionMask = 2147483647;
			files = (
				45404B8B22B57F8000C1768F /* src in Resources */,
				45404B7F22B57F5400C1768F /* Assets.xcassets in Resources */,
				45404B8222B57F5500C1768F /* Main.storyboard in Resources */,
			);
			runOnlyForDeploymentPostprocessing = 0;
		};
/* End PBXResourcesBuildPhase section */

/* Begin PBXSourcesBuildPhase section */
		45404B7322B57F5000C1768F /* Sources */ = {
			isa = PBXSourcesBuildPhase;
			buildActionMask = 2147483647;
			files = (
				45F6BFD522B92D9600F6613B /* SpellChecker.swift in Sources */,
				45404B9622B57FAC00C1768F /* PythonLibrary+Symbols.swift in Sources */,
				45F6BFD122B82FA700F6613B /* TextView.swift in Sources */,
				45F6BFCF22B7EC7200F6613B /* PyPlot.swift in Sources */,
				45404B9722B57FAC00C1768F /* NumpyConversion.swift in Sources */,
				45404B7D22B57F5000C1768F /* ViewController.swift in Sources */,
				45404B9422B57FAC00C1768F /* Python.swift in Sources */,
				45404B7B22B57F5000C1768F /* AppDelegate.swift in Sources */,
				45404B9322B57FAC00C1768F /* PythonLibrary.swift in Sources */,
			);
			runOnlyForDeploymentPostprocessing = 0;
		};
/* End PBXSourcesBuildPhase section */

/* Begin PBXVariantGroup section */
		45404B8022B57F5500C1768F /* Main.storyboard */ = {
			isa = PBXVariantGroup;
			children = (
				45404B8122B57F5500C1768F /* Base */,
			);
			name = Main.storyboard;
			sourceTree = "<group>";
		};
/* End PBXVariantGroup section */

/* Begin XCBuildConfiguration section */
		45404B8522B57F5500C1768F /* Debug */ = {
			isa = XCBuildConfiguration;
			buildSettings = {
				ALWAYS_SEARCH_USER_PATHS = NO;
				CLANG_ANALYZER_NONNULL = YES;
				CLANG_ANALYZER_NUMBER_OBJECT_CONVERSION = YES_AGGRESSIVE;
				CLANG_CXX_LANGUAGE_STANDARD = "gnu++14";
				CLANG_CXX_LIBRARY = "libc++";
				CLANG_ENABLE_MODULES = YES;
				CLANG_ENABLE_OBJC_ARC = YES;
				CLANG_ENABLE_OBJC_WEAK = YES;
				CLANG_WARN_BLOCK_CAPTURE_AUTORELEASING = YES;
				CLANG_WARN_BOOL_CONVERSION = YES;
				CLANG_WARN_COMMA = YES;
				CLANG_WARN_CONSTANT_CONVERSION = YES;
				CLANG_WARN_DEPRECATED_OBJC_IMPLEMENTATIONS = YES;
				CLANG_WARN_DIRECT_OBJC_ISA_USAGE = YES_ERROR;
				CLANG_WARN_DOCUMENTATION_COMMENTS = YES;
				CLANG_WARN_EMPTY_BODY = YES;
				CLANG_WARN_ENUM_CONVERSION = YES;
				CLANG_WARN_INFINITE_RECURSION = YES;
				CLANG_WARN_INT_CONVERSION = YES;
				CLANG_WARN_NON_LITERAL_NULL_CONVERSION = YES;
				CLANG_WARN_OBJC_IMPLICIT_RETAIN_SELF = YES;
				CLANG_WARN_OBJC_LITERAL_CONVERSION = YES;
				CLANG_WARN_OBJC_ROOT_CLASS = YES_ERROR;
				CLANG_WARN_RANGE_LOOP_ANALYSIS = YES;
				CLANG_WARN_STRICT_PROTOTYPES = YES;
				CLANG_WARN_SUSPICIOUS_MOVE = YES;
				CLANG_WARN_UNGUARDED_AVAILABILITY = YES_AGGRESSIVE;
				CLANG_WARN_UNREACHABLE_CODE = YES;
				CLANG_WARN__DUPLICATE_METHOD_MATCH = YES;
				CODE_SIGN_IDENTITY = "Mac Developer";
				COPY_PHASE_STRIP = NO;
				DEBUG_INFORMATION_FORMAT = dwarf;
				ENABLE_STRICT_OBJC_MSGSEND = YES;
				ENABLE_TESTABILITY = YES;
				GCC_C_LANGUAGE_STANDARD = gnu11;
				GCC_DYNAMIC_NO_PIC = NO;
				GCC_NO_COMMON_BLOCKS = YES;
				GCC_OPTIMIZATION_LEVEL = 0;
				GCC_PREPROCESSOR_DEFINITIONS = (
					"DEBUG=1",
					"$(inherited)",
				);
				GCC_WARN_64_TO_32_BIT_CONVERSION = YES;
				GCC_WARN_ABOUT_RETURN_TYPE = YES_ERROR;
				GCC_WARN_UNDECLARED_SELECTOR = YES;
				GCC_WARN_UNINITIALIZED_AUTOS = YES_AGGRESSIVE;
				GCC_WARN_UNUSED_FUNCTION = YES;
				GCC_WARN_UNUSED_VARIABLE = YES;
				MACOSX_DEPLOYMENT_TARGET = 10.14;
				MTL_ENABLE_DEBUG_INFO = INCLUDE_SOURCE;
				MTL_FAST_MATH = YES;
				ONLY_ACTIVE_ARCH = YES;
				SDKROOT = macosx;
				SWIFT_ACTIVE_COMPILATION_CONDITIONS = DEBUG;
				SWIFT_OPTIMIZATION_LEVEL = "-Onone";
			};
			name = Debug;
		};
		45404B8622B57F5500C1768F /* Release */ = {
			isa = XCBuildConfiguration;
			buildSettings = {
				ALWAYS_SEARCH_USER_PATHS = NO;
				CLANG_ANALYZER_NONNULL = YES;
				CLANG_ANALYZER_NUMBER_OBJECT_CONVERSION = YES_AGGRESSIVE;
				CLANG_CXX_LANGUAGE_STANDARD = "gnu++14";
				CLANG_CXX_LIBRARY = "libc++";
				CLANG_ENABLE_MODULES = YES;
				CLANG_ENABLE_OBJC_ARC = YES;
				CLANG_ENABLE_OBJC_WEAK = YES;
				CLANG_WARN_BLOCK_CAPTURE_AUTORELEASING = YES;
				CLANG_WARN_BOOL_CONVERSION = YES;
				CLANG_WARN_COMMA = YES;
				CLANG_WARN_CONSTANT_CONVERSION = YES;
				CLANG_WARN_DEPRECATED_OBJC_IMPLEMENTATIONS = YES;
				CLANG_WARN_DIRECT_OBJC_ISA_USAGE = YES_ERROR;
				CLANG_WARN_DOCUMENTATION_COMMENTS = YES;
				CLANG_WARN_EMPTY_BODY = YES;
				CLANG_WARN_ENUM_CONVERSION = YES;
				CLANG_WARN_INFINITE_RECURSION = YES;
				CLANG_WARN_INT_CONVERSION = YES;
				CLANG_WARN_NON_LITERAL_NULL_CONVERSION = YES;
				CLANG_WARN_OBJC_IMPLICIT_RETAIN_SELF = YES;
				CLANG_WARN_OBJC_LITERAL_CONVERSION = YES;
				CLANG_WARN_OBJC_ROOT_CLASS = YES_ERROR;
				CLANG_WARN_RANGE_LOOP_ANALYSIS = YES;
				CLANG_WARN_STRICT_PROTOTYPES = YES;
				CLANG_WARN_SUSPICIOUS_MOVE = YES;
				CLANG_WARN_UNGUARDED_AVAILABILITY = YES_AGGRESSIVE;
				CLANG_WARN_UNREACHABLE_CODE = YES;
				CLANG_WARN__DUPLICATE_METHOD_MATCH = YES;
				CODE_SIGN_IDENTITY = "Mac Developer";
				COPY_PHASE_STRIP = NO;
				DEBUG_INFORMATION_FORMAT = "dwarf-with-dsym";
				ENABLE_NS_ASSERTIONS = NO;
				ENABLE_STRICT_OBJC_MSGSEND = YES;
				GCC_C_LANGUAGE_STANDARD = gnu11;
				GCC_NO_COMMON_BLOCKS = YES;
				GCC_WARN_64_TO_32_BIT_CONVERSION = YES;
				GCC_WARN_ABOUT_RETURN_TYPE = YES_ERROR;
				GCC_WARN_UNDECLARED_SELECTOR = YES;
				GCC_WARN_UNINITIALIZED_AUTOS = YES_AGGRESSIVE;
				GCC_WARN_UNUSED_FUNCTION = YES;
				GCC_WARN_UNUSED_VARIABLE = YES;
				MACOSX_DEPLOYMENT_TARGET = 10.14;
				MTL_ENABLE_DEBUG_INFO = NO;
				MTL_FAST_MATH = YES;
				SDKROOT = macosx;
				SWIFT_COMPILATION_MODE = wholemodule;
				SWIFT_OPTIMIZATION_LEVEL = "-O";
			};
			name = Release;
		};
		45404B8822B57F5500C1768F /* Debug */ = {
			isa = XCBuildConfiguration;
			buildSettings = {
				ASSETCATALOG_COMPILER_APPICON_NAME = AppIcon;
				CODE_SIGN_STYLE = Automatic;
				COMBINE_HIDPI_IMAGES = YES;
				DEVELOPMENT_TEAM = 543NL3Y457;
				INFOPLIST_FILE = Misspelling/Info.plist;
				LD_RUNPATH_SEARCH_PATHS = (
					"$(inherited)",
					"@executable_path/../Frameworks",
				);
				PRODUCT_BUNDLE_IDENTIFIER = it.hmm.Misspelling;
				PRODUCT_NAME = "$(TARGET_NAME)";
				SWIFT_VERSION = 5.0;
			};
			name = Debug;
		};
		45404B8922B57F5500C1768F /* Release */ = {
			isa = XCBuildConfiguration;
			buildSettings = {
				ASSETCATALOG_COMPILER_APPICON_NAME = AppIcon;
				CODE_SIGN_STYLE = Automatic;
				COMBINE_HIDPI_IMAGES = YES;
				DEVELOPMENT_TEAM = 543NL3Y457;
				INFOPLIST_FILE = Misspelling/Info.plist;
				LD_RUNPATH_SEARCH_PATHS = (
					"$(inherited)",
					"@executable_path/../Frameworks",
				);
				PRODUCT_BUNDLE_IDENTIFIER = it.hmm.Misspelling;
				PRODUCT_NAME = "$(TARGET_NAME)";
				SWIFT_VERSION = 5.0;
			};
			name = Release;
		};
/* End XCBuildConfiguration section */

/* Begin XCConfigurationList section */
		45404B7222B57F5000C1768F /* Build configuration list for PBXProject "Misspelling" */ = {
			isa = XCConfigurationList;
			buildConfigurations = (
				45404B8522B57F5500C1768F /* Debug */,
				45404B8622B57F5500C1768F /* Release */,
			);
			defaultConfigurationIsVisible = 0;
			defaultConfigurationName = Release;
		};
		45404B8722B57F5500C1768F /* Build configuration list for PBXNativeTarget "Misspelling" */ = {
			isa = XCConfigurationList;
			buildConfigurations = (
				45404B8822B57F5500C1768F /* Debug */,
				45404B8922B57F5500C1768F /* Release */,
			);
			defaultConfigurationIsVisible = 0;
			defaultConfigurationName = Release;
		};
/* End XCConfigurationList section */
	};
	rootObject = 45404B6F22B57F5000C1768F /* Project object */;
}
